<?xml version="1.0" encoding="utf-8"?>
<Project ToolsVersion="4.0" xmlns="http://schemas.microsoft.com/developer/msbuild/2003">
  <ItemGroup>
    <Filter Include="Header Files">
      <UniqueIdentifier>{93995380-89BD-4b04-88EB-625FBE52EBFB}</UniqueIdentifier>
      <Extensions>h;hh;hpp;hxx;hm;inl;inc;xsd</Extensions>
    </Filter>
    <Filter Include="Resource Files">
      <UniqueIdentifier>{67DA6AB6-F800-4c08-8B7A-83BB121AAD01}</UniqueIdentifier>
      <Extensions>rc;ico;cur;bmp;dlg;rc2;rct;bin;rgs;gif;jpg;jpeg;jpe;resx;tiff;tif;png;wav;mfcribbon-ms</Extensions>
    </Filter>
    <Filter Include="Source Files">
      <UniqueIdentifier>{fd64f0c4-810f-4d65-8087-05d32105025b}</UniqueIdentifier>
    </Filter>
    <Filter Include="Source Files\Map">
      <UniqueIdentifier>{c4d8906e-ad21-4550-8cdf-979eca86a030}</UniqueIdentifier>
    </Filter>
    <Filter Include="Source Files\Scene">
      <UniqueIdentifier>{d59c7ac0-cbe8-48ba-a7bd-36e283e987a4}</UniqueIdentifier>
    </Filter>
    <Filter Include="Source Files\Objects">
      <UniqueIdentifier>{e9805d72-5ec0-484e-bbd9-fe97dcee2ff3}</UniqueIdentifier>
    </Filter>
    <Filter Include="Source Files\Parsing">
      <UniqueIdentifier>{50bd6454-5f98-473b-9121-5d3ac10b609d}</UniqueIdentifier>
    </Filter>
    <Filter Include="Source Files\Parsing\TinyXML">
      <UniqueIdentifier>{af4b6f63-d543-42e5-961d-bc5f28af0431}</UniqueIdentifier>
    </Filter>
    <Filter Include="Source Files\Frame">
      <UniqueIdentifier>{526f2f67-2d52-4b40-afa3-9fa3d38916ae}</UniqueIdentifier>
    </Filter>
    <Filter Include="Source Files\BasicTypes">
      <UniqueIdentifier>{03ed56ed-73e3-43c7-ae06-9887a5fa0984}</UniqueIdentifier>
    </Filter>
    <Filter Include="Source Files\Texture">
      <UniqueIdentifier>{599983d4-bfaa-435f-b574-e0f0e26856ac}</UniqueIdentifier>
    </Filter>
    <Filter Include="Header Files\Map">
      <UniqueIdentifier>{46dd297b-0337-4e02-88d1-a9c50c606509}</UniqueIdentifier>
    </Filter>
    <Filter Include="Header Files\BasicTypes">
      <UniqueIdentifier>{d4e49e10-5a43-4e75-87d0-6591f671caa9}</UniqueIdentifier>
    </Filter>
    <Filter Include="Header Files\Frame">
      <UniqueIdentifier>{81cc836f-302c-4f87-8cd8-3bb61755ae80}</UniqueIdentifier>
    </Filter>
    <Filter Include="Header Files\Parsing">
      <UniqueIdentifier>{0fab61c2-f6b0-4bb5-b406-464878fd4535}</UniqueIdentifier>
    </Filter>
    <Filter Include="Header Files\Texture">
      <UniqueIdentifier>{d206f1a8-7ebd-42ce-8b78-eefb04c95a10}</UniqueIdentifier>
    </Filter>
    <Filter Include="Header Files\Scene">
      <UniqueIdentifier>{be4e12f0-4758-4126-8fc4-25f920cdcd3c}</UniqueIdentifier>
    </Filter>
    <Filter Include="Header Files\Objects">
      <UniqueIdentifier>{1a3b4247-e030-431e-877d-b9afa25abf17}</UniqueIdentifier>
    </Filter>
    <Filter Include="Header Files\Texture\TinyXML">
      <UniqueIdentifier>{bc4a05ac-828b-4815-86a0-bea5f7a6f4f7}</UniqueIdentifier>
    </Filter>
    <Filter Include="Header Files\Components">
      <UniqueIdentifier>{93180c6d-661c-4a48-8edd-36a5b4adc4e9}</UniqueIdentifier>
    </Filter>
    <Filter Include="Source Files\Components">
      <UniqueIdentifier>{327de58f-2436-4fa2-bfc6-3c243aa07cd9}</UniqueIdentifier>
    </Filter>
    <Filter Include="Source Files\Collision">
      <UniqueIdentifier>{3cebbbc5-4917-46db-8f70-443249696258}</UniqueIdentifier>
    </Filter>
    <Filter Include="Header Files\Collision">
      <UniqueIdentifier>{bb2a5bf3-080e-4b2b-ad71-cf6229d02689}</UniqueIdentifier>
    </Filter>
    <Filter Include="Source Files\Map\Assets">
      <UniqueIdentifier>{d8384ae8-a2ce-42e8-a15f-5a2a642446b0}</UniqueIdentifier>
    </Filter>
    <Filter Include="Header Files\Map\Assets">
      <UniqueIdentifier>{f4022a5e-ab91-4ced-8819-b868a5a9e6e9}</UniqueIdentifier>
    </Filter>
  </ItemGroup>
  <ItemGroup>
    <ClCompile Include="Map\MapCell.cpp">
      <Filter>Source Files\Map</Filter>
    </ClCompile>
    <ClCompile Include="Map\Map.cpp">
      <Filter>Source Files\Map</Filter>
    </ClCompile>
    <ClCompile Include="Map\MapInactive.cpp">
      <Filter>Source Files\Map</Filter>
    </ClCompile>
    <ClCompile Include="Map\MapManager.cpp">
      <Filter>Source Files\Map</Filter>
    </ClCompile>
    <ClCompile Include="Map\MapObject.cpp">
      <Filter>Source Files\Map</Filter>
    </ClCompile>
    <ClCompile Include="Map\MapRoom.cpp">
      <Filter>Source Files\Map</Filter>
    </ClCompile>
    <ClCompile Include="Map\MapWall.cpp">
      <Filter>Source Files\Map</Filter>
    </ClCompile>
    <ClCompile Include="Map\RoomManager.cpp">
      <Filter>Source Files\Map</Filter>
    </ClCompile>
    <ClCompile Include="Map\GenRoomComp.cpp">
      <Filter>Source Files\Map</Filter>
    </ClCompile>
    <ClCompile Include="Scene\ActiveSceneManager.cpp">
      <Filter>Source Files\Scene</Filter>
    </ClCompile>
    <ClCompile Include="Scene\GameScene.cpp">
      <Filter>Source Files\Scene</Filter>
    </ClCompile>
    <ClCompile Include="Scene\MenuScene.cpp">
      <Filter>Source Files\Scene</Filter>
    </ClCompile>
    <ClCompile Include="Scene\Scene.cpp">
      <Filter>Source Files\Scene</Filter>
    </ClCompile>
    <ClCompile Include="Scene\MapScene.cpp">
      <Filter>Source Files\Scene</Filter>
    </ClCompile>
    <ClCompile Include="Objects\Player.cpp">
      <Filter>Source Files\Objects</Filter>
    </ClCompile>
    <ClCompile Include="Objects\GameObject.cpp">
      <Filter>Source Files\Objects</Filter>
    </ClCompile>
    <ClCompile Include="Objects\GameEntity.cpp">
      <Filter>Source Files\Objects</Filter>
    </ClCompile>
    <ClCompile Include="Objects\Button.cpp">
      <Filter>Source Files\Objects</Filter>
    </ClCompile>
    <ClCompile Include="Parsing\InitFactory.cpp">
      <Filter>Source Files\Parsing</Filter>
    </ClCompile>
    <ClCompile Include="Parsing\SceneFactory.cpp">
      <Filter>Source Files\Parsing</Filter>
    </ClCompile>
    <ClCompile Include="Parsing\TinyXML\tinyxml.cpp">
      <Filter>Source Files\Parsing\TinyXML</Filter>
    </ClCompile>
    <ClCompile Include="Parsing\TinyXML\tinyxmlerror.cpp">
      <Filter>Source Files\Parsing\TinyXML</Filter>
    </ClCompile>
    <ClCompile Include="Parsing\TinyXML\tinyxmlparser.cpp">
      <Filter>Source Files\Parsing\TinyXML</Filter>
    </ClCompile>
    <ClCompile Include="Parsing\TinyXML\tinystr.cpp">
      <Filter>Source Files\Parsing\TinyXML</Filter>
    </ClCompile>
    <ClCompile Include="Frame\Main.cpp">
      <Filter>Source Files\Frame</Filter>
    </ClCompile>
    <ClCompile Include="Frame\MainApplication.cpp">
      <Filter>Source Files\Frame</Filter>
    </ClCompile>
    <ClCompile Include="Frame\InputManager.cpp">
      <Filter>Source Files\Frame</Filter>
    </ClCompile>
    <ClCompile Include="BasicTypes\Rect.cpp">
      <Filter>Source Files\BasicTypes</Filter>
    </ClCompile>
    <ClCompile Include="TextureCode\TextureManager.cpp">
      <Filter>Source Files\Texture</Filter>
    </ClCompile>
    <ClCompile Include="TextureCode\TextureProperties.cpp">
      <Filter>Source Files\Texture</Filter>
    </ClCompile>
    <ClCompile Include="Map\MapManagerThreads.cpp">
      <Filter>Source Files\Map</Filter>
    </ClCompile>
    <ClCompile Include="Map\RoomConnector.cpp">
      <Filter>Source Files\Map</Filter>
    </ClCompile>
    <ClCompile Include="Map\CorridorVertical.cpp">
      <Filter>Source Files\Map</Filter>
    </ClCompile>
    <ClCompile Include="Map\CorridorHoriz.cpp">
      <Filter>Source Files\Map</Filter>
    </ClCompile>
    <ClCompile Include="Map\Corridor.cpp">
      <Filter>Source Files\Map</Filter>
    </ClCompile>
    <ClCompile Include="TextureCode\TextureDefinitions.cpp">
      <Filter>Source Files\Texture</Filter>
    </ClCompile>
    <ClCompile Include="Map\MapConnector.cpp">
      <Filter>Source Files\Map</Filter>
    </ClCompile>
    <ClCompile Include="Components\Component.cpp">
      <Filter>Source Files\Components</Filter>
    </ClCompile>
    <ClCompile Include="Components\ButtonInteractComp.cpp">
      <Filter>Source Files\Components</Filter>
    </ClCompile>
    <ClCompile Include="Components\PlayerMovementComp.cpp">
      <Filter>Source Files\Components</Filter>
    </ClCompile>
    <ClCompile Include="Collision\Collision.cpp">
      <Filter>Source Files\Collision</Filter>
    </ClCompile>
    <ClCompile Include="Collision\CollisionManager.cpp">
      <Filter>Source Files\Collision</Filter>
    </ClCompile>
    <ClCompile Include="Collision\MapCollision.cpp">
      <Filter>Source Files\Collision</Filter>
    </ClCompile>
    <ClCompile Include="Components\PlayerMapMovementComp.cpp">
      <Filter>Source Files\Components</Filter>
    </ClCompile>
    <ClCompile Include="Components\CenterPosComp.cpp">
      <Filter>Source Files\Components</Filter>
    </ClCompile>
    <ClCompile Include="Components\MapCollisionComp.cpp">
      <Filter>Source Files\Components</Filter>
    </ClCompile>
    <ClCompile Include="Map\MapAssetManager.cpp">
      <Filter>Source Files\Map</Filter>
    </ClCompile>
    <ClCompile Include="Components\MapZoomComp.cpp">
      <Filter>Source Files\Components</Filter>
    </ClCompile>
    <ClCompile Include="Components\ZoomComp.cpp">
      <Filter>Source Files\Components</Filter>
    </ClCompile>
    <ClCompile Include="Frame\ZoomManager.cpp">
      <Filter>Source Files\Frame</Filter>
    </ClCompile>
    <ClCompile Include="Map\MapAssets\MapAsset.cpp">
      <Filter>Source Files\Map\Assets</Filter>
    </ClCompile>
    <ClCompile Include="Map\MapAssets\TestingAsset.cpp">
      <Filter>Source Files\Map\Assets</Filter>
    </ClCompile>
    <ClCompile Include="Components\ZoomMovementComp.cpp">
      <Filter>Source Files\Components</Filter>
    </ClCompile>
    <ClCompile Include="Map\MapFactory.cpp" />
  </ItemGroup>
  <ItemGroup>
    <ClInclude Include="Parsing\InitFactory.h">
      <Filter>Header Files\Parsing</Filter>
    </ClInclude>
    <ClInclude Include="Parsing\SceneFactory.h">
      <Filter>Header Files\Parsing</Filter>
    </ClInclude>
    <ClInclude Include="Frame\InputManager.h">
      <Filter>Header Files\Frame</Filter>
    </ClInclude>
    <ClInclude Include="Map\MapObject.h">
      <Filter>Header Files\Map</Filter>
    </ClInclude>
    <ClInclude Include="Map\MapRoom.h">
      <Filter>Header Files\Map</Filter>
    </ClInclude>
    <ClInclude Include="Map\MapWall.h">
      <Filter>Header Files\Map</Filter>
    </ClInclude>
    <ClInclude Include="Map\MapManager.h">
      <Filter>Header Files\Map</Filter>
    </ClInclude>
    <ClInclude Include="Map\MapInactive.h">
      <Filter>Header Files\Map</Filter>
    </ClInclude>
    <ClInclude Include="Map\MapCoordinate.h">
      <Filter>Header Files\Map</Filter>
    </ClInclude>
    <ClInclude Include="Map\MapCell.h">
      <Filter>Header Files\Map</Filter>
    </ClInclude>
    <ClInclude Include="Map\Map.h">
      <Filter>Header Files\Map</Filter>
    </ClInclude>
    <ClInclude Include="Map\RoomManager.h">
      <Filter>Header Files\Map</Filter>
    </ClInclude>
    <ClInclude Include="TextureCode\TextureProperties.h">
      <Filter>Header Files\Texture</Filter>
    </ClInclude>
    <ClInclude Include="TextureCode\TextureManager.h">
      <Filter>Header Files\Texture</Filter>
    </ClInclude>
    <ClInclude Include="Parsing\TinyXML\tinyxml.h">
      <Filter>Header Files\Texture\TinyXML</Filter>
    </ClInclude>
    <ClInclude Include="Parsing\TinyXML\tinystr.h">
      <Filter>Header Files\Texture\TinyXML</Filter>
    </ClInclude>
    <ClInclude Include="BasicTypes\BasicTypes.h">
      <Filter>Header Files\BasicTypes</Filter>
    </ClInclude>
    <ClInclude Include="Objects\Button.h">
      <Filter>Header Files\Objects</Filter>
    </ClInclude>
    <ClInclude Include="Objects\GameEntity.h">
      <Filter>Header Files\Objects</Filter>
    </ClInclude>
    <ClInclude Include="Objects\GameObject.h">
      <Filter>Header Files\Objects</Filter>
    </ClInclude>
    <ClInclude Include="Objects\Player.h">
      <Filter>Header Files\Objects</Filter>
    </ClInclude>
    <ClInclude Include="Scene\ActiveSceneManager.h">
      <Filter>Header Files\Scene</Filter>
    </ClInclude>
    <ClInclude Include="Scene\GameScene.h">
      <Filter>Header Files\Scene</Filter>
    </ClInclude>
    <ClInclude Include="Scene\MapScene.h">
      <Filter>Header Files\Scene</Filter>
    </ClInclude>
    <ClInclude Include="Scene\MenuScene.h">
      <Filter>Header Files\Scene</Filter>
    </ClInclude>
    <ClInclude Include="Scene\Scene.h">
      <Filter>Header Files\Scene</Filter>
    </ClInclude>
    <ClInclude Include="BasicTypes\Rect.h">
      <Filter>Header Files\BasicTypes</Filter>
    </ClInclude>
    <ClInclude Include="BasicTypes\Vector.h">
      <Filter>Header Files\BasicTypes</Filter>
    </ClInclude>
    <ClInclude Include="Objects\BaseCreator.h">
      <Filter>Header Files\Objects</Filter>
    </ClInclude>
    <ClInclude Include="Map\GenRoomComp.h">
      <Filter>Header Files\Map</Filter>
    </ClInclude>
    <ClInclude Include="Frame\MainApplication.h">
      <Filter>Header Files\Frame</Filter>
    </ClInclude>
    <ClInclude Include="Frame\Threads.h">
      <Filter>Header Files\Frame</Filter>
    </ClInclude>
    <ClInclude Include="Map\MapManagerThreads.h">
      <Filter>Header Files\Map</Filter>
    </ClInclude>
    <ClInclude Include="Map\RoomConnector.h">
      <Filter>Header Files\Map</Filter>
    </ClInclude>
    <ClInclude Include="Map\Corridor.h">
      <Filter>Header Files\Map</Filter>
    </ClInclude>
    <ClInclude Include="Map\CorridorHoriz.h">
      <Filter>Header Files\Map</Filter>
    </ClInclude>
    <ClInclude Include="TextureCode\TextureDefinitions.h">
      <Filter>Header Files\Texture</Filter>
    </ClInclude>
    <ClInclude Include="Map\MapConnector.h">
      <Filter>Header Files\Map</Filter>
    </ClInclude>
    <ClInclude Include="Map\CorridorVertical.h">
      <Filter>Header Files\Map</Filter>
    </ClInclude>
    <ClInclude Include="Components\Component.h">
      <Filter>Header Files\Components</Filter>
    </ClInclude>
    <ClInclude Include="Components\ButtonInteractComp.h">
      <Filter>Header Files\Components</Filter>
    </ClInclude>
    <ClInclude Include="Components\PlayerMovementComp.h">
      <Filter>Header Files\Components</Filter>
    </ClInclude>
    <ClInclude Include="BasicTypes\EntityDirection.h">
      <Filter>Header Files\BasicTypes</Filter>
    </ClInclude>
    <ClInclude Include="Collision\Collision.h">
      <Filter>Header Files\Collision</Filter>
    </ClInclude>
    <ClInclude Include="Collision\CollisionManager.h">
      <Filter>Header Files\Collision</Filter>
    </ClInclude>
    <ClInclude Include="Collision\MapCollision.h">
      <Filter>Header Files\Collision</Filter>
    </ClInclude>
    <ClInclude Include="Components\PlayerMapMovementComp.h">
      <Filter>Header Files\Components</Filter>
    </ClInclude>
    <ClInclude Include="Components\CenterPosComp.h">
      <Filter>Header Files\Components</Filter>
    </ClInclude>
    <ClInclude Include="Components\MapCollisionComp.h">
      <Filter>Header Files\Components</Filter>
    </ClInclude>
    <ClInclude Include="Map\MapAssetManager.h">
      <Filter>Header Files\Map</Filter>
    </ClInclude>
    <ClInclude Include="Frame\ZoomManager.h">
      <Filter>Header Files\Frame</Filter>
    </ClInclude>
    <ClInclude Include="Components\MapZoomComp.h">
      <Filter>Header Files\Components</Filter>
    </ClInclude>
    <ClInclude Include="Components\ZoomComp.h">
      <Filter>Header Files\Components</Filter>
    </ClInclude>
    <ClInclude Include="Map\MapAssets\MapAsset.h">
      <Filter>Header Files\Map\Assets</Filter>
    </ClInclude>
    <ClInclude Include="Map\MapAssets\TestingAsset.h">
      <Filter>Header Files\Map\Assets</Filter>
    </ClInclude>
    <ClInclude Include="Components\ZoomMovementComp.h">
      <Filter>Header Files\Components</Filter>
    </ClInclude>
    <ClInclude Include="Map\MapFactory.h">
      <Filter>Header Files</Filter>
    </ClInclude>
  </ItemGroup>
</Project>